
Microsoft Visual Studio Solution File, Format Version 12.00
# Visual Studio Version 17
VisualStudioVersion = 17.4.33213.308
MinimumVisualStudioVersion = 10.0.40219.1
Project("{FAE04EC0-301F-11D3-BF4B-00C04F79EFBC}") = "COMP003A.Assignment4", "COMP003A.Assignment4\COMP003A.Assignment4.csproj", "{6E58A941-987F-4FA4-BD0D-2B0C658FBA05}"
EndProject
Global
	GlobalSection(SolutionConfigurationPlatforms) = preSolution
		Debug|Any CPU = Debug|Any CPU
		Release|Any CPU = Release|Any CPU
	EndGlobalSection
	GlobalSection(ProjectConfigurationPlatforms) = postSolution
		{6E58A941-987F-4FA4-BD0D-2B0C658FBA05}.Debug|Any CPU.ActiveCfg = Debug|Any CPU
		{6E58A941-987F-4FA4-BD0D-2B0C658FBA05}.Debug|Any CPU.Build.0 = Debug|Any CPU
		{6E58A941-987F-4FA4-BD0D-2B0C658FBA05}.Release|Any CPU.ActiveCfg = Release|Any CPU
		{6E58A941-987F-4FA4-BD0D-2B0C658FBA05}.Release|Any CPU.Build.0 = Release|Any CPU
	EndGlobalSection
	GlobalSection(SolutionProperties) = preSolution
		HideSolutionNode = FALSE
	EndGlobalSection
	GlobalSection(ExtensibilityGlobals) = postSolution
		SolutionGuid = {6965A329-86E3-4858-9800-06D1CDA6FD77}
	EndGlobalSection
EndGlobal
